
Microsoft Visual Studio Solution File, Format Version 12.00
# Visual Studio Version 17
VisualStudioVersion = 17.11.34909.67
MinimumVisualStudioVersion = 10.0.40219.1
Project("{FAE04EC0-301F-11D3-BF4B-00C04F79EFBC}") = "ChromeRigs.MVC", "ChromeRigs.MVC\ChromeRigs.MVC.csproj", "{AC8A1BF0-9F31-4BC6-84DC-CF7A60DB6118}"
EndProject
Project("{FAE04EC0-301F-11D3-BF4B-00C04F79EFBC}") = "ChromeRigs.Entities", "ChromeRigs.Entities\ChromeRigs.Entities.csproj", "{A4768C46-5E35-4377-BFFF-7E719475DB94}"
EndProject
Project("{FAE04EC0-301F-11D3-BF4B-00C04F79EFBC}") = "ChromeRigs.Utils", "ChromeRigs.Utils\ChromeRigs.Utils.csproj", "{FCAC90A6-C1BF-4700-B126-7D169DB6D2DD}"
EndProject
Global
	GlobalSection(SolutionConfigurationPlatforms) = preSolution
		Debug|Any CPU = Debug|Any CPU
		Release|Any CPU = Release|Any CPU
	EndGlobalSection
	GlobalSection(ProjectConfigurationPlatforms) = postSolution
		{AC8A1BF0-9F31-4BC6-84DC-CF7A60DB6118}.Debug|Any CPU.ActiveCfg = Debug|Any CPU
		{AC8A1BF0-9F31-4BC6-84DC-CF7A60DB6118}.Debug|Any CPU.Build.0 = Debug|Any CPU
		{AC8A1BF0-9F31-4BC6-84DC-CF7A60DB6118}.Release|Any CPU.ActiveCfg = Release|Any CPU
		{AC8A1BF0-9F31-4BC6-84DC-CF7A60DB6118}.Release|Any CPU.Build.0 = Release|Any CPU
		{A4768C46-5E35-4377-BFFF-7E719475DB94}.Debug|Any CPU.ActiveCfg = Debug|Any CPU
		{A4768C46-5E35-4377-BFFF-7E719475DB94}.Debug|Any CPU.Build.0 = Debug|Any CPU
		{A4768C46-5E35-4377-BFFF-7E719475DB94}.Release|Any CPU.ActiveCfg = Release|Any CPU
		{A4768C46-5E35-4377-BFFF-7E719475DB94}.Release|Any CPU.Build.0 = Release|Any CPU
		{FCAC90A6-C1BF-4700-B126-7D169DB6D2DD}.Debug|Any CPU.ActiveCfg = Debug|Any CPU
		{FCAC90A6-C1BF-4700-B126-7D169DB6D2DD}.Debug|Any CPU.Build.0 = Debug|Any CPU
		{FCAC90A6-C1BF-4700-B126-7D169DB6D2DD}.Release|Any CPU.ActiveCfg = Release|Any CPU
		{FCAC90A6-C1BF-4700-B126-7D169DB6D2DD}.Release|Any CPU.Build.0 = Release|Any CPU
	EndGlobalSection
	GlobalSection(SolutionProperties) = preSolution
		HideSolutionNode = FALSE
	EndGlobalSection
	GlobalSection(ExtensibilityGlobals) = postSolution
		SolutionGuid = {6F9D784F-52D4-4866-B099-CAACBDA77E44}
	EndGlobalSection
EndGlobal
